
Microsoft Visual Studio Solution File, Format Version 12.00
# Visual Studio 15
VisualStudioVersion = 15.0.26228.4
MinimumVisualStudioVersion = 10.0.40219.1
Project("{FAE04EC0-301F-11D3-BF4B-00C04F79EFBC}") = "TestConsole", "TestConsole\TestConsole.csproj", "{3C54AFEC-528B-4E40-9BC0-C667A90F4A09}"
EndProject
Project("{FAE04EC0-301F-11D3-BF4B-00C04F79EFBC}") = "Roidis", "Roidis\Roidis.csproj", "{D1DA1DBF-8FE0-460E-AA50-1CC06D2BB3EB}"
EndProject
Global
	GlobalSection(SolutionConfigurationPlatforms) = preSolution
		Debug|Any CPU = Debug|Any CPU
		Release|Any CPU = Release|Any CPU
	EndGlobalSection
	GlobalSection(ProjectConfigurationPlatforms) = postSolution
		{3C54AFEC-528B-4E40-9BC0-C667A90F4A09}.Debug|Any CPU.ActiveCfg = Debug|Any CPU
		{3C54AFEC-528B-4E40-9BC0-C667A90F4A09}.Debug|Any CPU.Build.0 = Debug|Any CPU
		{3C54AFEC-528B-4E40-9BC0-C667A90F4A09}.Release|Any CPU.ActiveCfg = Release|Any CPU
		{3C54AFEC-528B-4E40-9BC0-C667A90F4A09}.Release|Any CPU.Build.0 = Release|Any CPU
		{D1DA1DBF-8FE0-460E-AA50-1CC06D2BB3EB}.Debug|Any CPU.ActiveCfg = Debug|Any CPU
		{D1DA1DBF-8FE0-460E-AA50-1CC06D2BB3EB}.Debug|Any CPU.Build.0 = Debug|Any CPU
		{D1DA1DBF-8FE0-460E-AA50-1CC06D2BB3EB}.Release|Any CPU.ActiveCfg = Release|Any CPU
		{D1DA1DBF-8FE0-460E-AA50-1CC06D2BB3EB}.Release|Any CPU.Build.0 = Release|Any CPU
	EndGlobalSection
	GlobalSection(SolutionProperties) = preSolution
		HideSolutionNode = FALSE
	EndGlobalSection
EndGlobal
